// !$*UTF8*$!
{
	archiveVersion = 1;
	classes = {
	};
	objectVersion = 56;
	objects = {

/* Begin PBXBuildFile section */
		67009F922B4D362800C8FA1F /* AppDelegate.swift in Sources */ = {isa = PBXBuildFile; fileRef = 67009F912B4D362800C8FA1F /* AppDelegate.swift */; };
		67009F962B4D362800C8FA1F /* LoginViewController.swift in Sources */ = {isa = PBXBuildFile; fileRef = 67009F952B4D362800C8FA1F /* LoginViewController.swift */; };
		67009F9B2B4D362900C8FA1F /* Assets.xcassets in Resources */ = {isa = PBXBuildFile; fileRef = 67009F9A2B4D362900C8FA1F /* Assets.xcassets */; };
		67009F9E2B4D362900C8FA1F /* LaunchScreen.storyboard in Resources */ = {isa = PBXBuildFile; fileRef = 67009F9C2B4D362900C8FA1F /* LaunchScreen.storyboard */; };
		67009FA82B4D3D8000C8FA1F /* LoginView.swift in Sources */ = {isa = PBXBuildFile; fileRef = 67009FA72B4D3D8000C8FA1F /* LoginView.swift */; };
		6722A60D2B5E15D0000E8BF6 /* AccountSummaryViewController.swift in Sources */ = {isa = PBXBuildFile; fileRef = 6722A60C2B5E15D0000E8BF6 /* AccountSummaryViewController.swift */; };
		674A87502B5D2C8B004EB95A /* UIViewController+Utils.swift in Sources */ = {isa = PBXBuildFile; fileRef = 674A874F2B5D2C8B004EB95A /* UIViewController+Utils.swift */; };
		674A87522B5D2E31004EB95A /* MainViewController.swift in Sources */ = {isa = PBXBuildFile; fileRef = 674A87512B5D2E31004EB95A /* MainViewController.swift */; };
		6772058C2B5AAC25005FECF8 /* DummyViewController.swift in Sources */ = {isa = PBXBuildFile; fileRef = 6772058B2B5AAC25005FECF8 /* DummyViewController.swift */; };
		67B9AB7D2B60B4B300BE269A /* AccountSummaryViewHeader.swift in Sources */ = {isa = PBXBuildFile; fileRef = 67B9AB7C2B60B4B300BE269A /* AccountSummaryViewHeader.swift */; };
		67B9AB7F2B60B56500BE269A /* AccountSummaryViewHeader.xib in Resources */ = {isa = PBXBuildFile; fileRef = 67B9AB7E2B60B56500BE269A /* AccountSummaryViewHeader.xib */; };
		67C487162B541702006D7D50 /* OnboardingContainerViewController.swift in Sources */ = {isa = PBXBuildFile; fileRef = 67C487152B541702006D7D50 /* OnboardingContainerViewController.swift */; };
		67E47D162B5465E700D5C3CC /* OnboardingViewController.swift in Sources */ = {isa = PBXBuildFile; fileRef = 67E47D152B5465E700D5C3CC /* OnboardingViewController.swift */; };
		67F12FFD2B5BD3970050FEEC /* LocalState.swift in Sources */ = {isa = PBXBuildFile; fileRef = 67F12FFC2B5BD3970050FEEC /* LocalState.swift */; };
/* End PBXBuildFile section */

/* Begin PBXFileReference section */
		67009F8E2B4D362800C8FA1F /* Waterfall Finance.app */ = {isa = PBXFileReference; explicitFileType = wrapper.application; includeInIndex = 0; path = "Waterfall Finance.app"; sourceTree = BUILT_PRODUCTS_DIR; };
		67009F912B4D362800C8FA1F /* AppDelegate.swift */ = {isa = PBXFileReference; lastKnownFileType = sourcecode.swift; path = AppDelegate.swift; sourceTree = "<group>"; };
		67009F952B4D362800C8FA1F /* LoginViewController.swift */ = {isa = PBXFileReference; lastKnownFileType = sourcecode.swift; path = LoginViewController.swift; sourceTree = "<group>"; };
		67009F9A2B4D362900C8FA1F /* Assets.xcassets */ = {isa = PBXFileReference; lastKnownFileType = folder.assetcatalog; path = Assets.xcassets; sourceTree = "<group>"; };
		67009F9D2B4D362900C8FA1F /* Base */ = {isa = PBXFileReference; lastKnownFileType = file.storyboard; name = Base; path = Base.lproj/LaunchScreen.storyboard; sourceTree = "<group>"; };
		67009F9F2B4D362900C8FA1F /* Info.plist */ = {isa = PBXFileReference; lastKnownFileType = text.plist.xml; path = Info.plist; sourceTree = "<group>"; };
		67009FA72B4D3D8000C8FA1F /* LoginView.swift */ = {isa = PBXFileReference; lastKnownFileType = sourcecode.swift; path = LoginView.swift; sourceTree = "<group>"; };
		6722A60C2B5E15D0000E8BF6 /* AccountSummaryViewController.swift */ = {isa = PBXFileReference; lastKnownFileType = sourcecode.swift; path = AccountSummaryViewController.swift; sourceTree = "<group>"; };
		674A874F2B5D2C8B004EB95A /* UIViewController+Utils.swift */ = {isa = PBXFileReference; lastKnownFileType = sourcecode.swift; path = "UIViewController+Utils.swift"; sourceTree = "<group>"; };
		674A87512B5D2E31004EB95A /* MainViewController.swift */ = {isa = PBXFileReference; lastKnownFileType = sourcecode.swift; path = MainViewController.swift; sourceTree = "<group>"; };
		6772058B2B5AAC25005FECF8 /* DummyViewController.swift */ = {isa = PBXFileReference; lastKnownFileType = sourcecode.swift; path = DummyViewController.swift; sourceTree = "<group>"; };
		67B9AB7C2B60B4B300BE269A /* AccountSummaryViewHeader.swift */ = {isa = PBXFileReference; lastKnownFileType = sourcecode.swift; path = AccountSummaryViewHeader.swift; sourceTree = "<group>"; };
		67B9AB7E2B60B56500BE269A /* AccountSummaryViewHeader.xib */ = {isa = PBXFileReference; lastKnownFileType = file.xib; path = AccountSummaryViewHeader.xib; sourceTree = "<group>"; };
		67C487152B541702006D7D50 /* OnboardingContainerViewController.swift */ = {isa = PBXFileReference; lastKnownFileType = sourcecode.swift; path = OnboardingContainerViewController.swift; sourceTree = "<group>"; };
		67E47D152B5465E700D5C3CC /* OnboardingViewController.swift */ = {isa = PBXFileReference; lastKnownFileType = sourcecode.swift; path = OnboardingViewController.swift; sourceTree = "<group>"; };
		67F12FFC2B5BD3970050FEEC /* LocalState.swift */ = {isa = PBXFileReference; lastKnownFileType = sourcecode.swift; path = LocalState.swift; sourceTree = "<group>"; };
/* End PBXFileReference section */

/* Begin PBXFrameworksBuildPhase section */
		67009F8B2B4D362800C8FA1F /* Frameworks */ = {
			isa = PBXFrameworksBuildPhase;
			buildActionMask = 2147483647;
			files = (
			);
			runOnlyForDeploymentPostprocessing = 0;
		};
/* End PBXFrameworksBuildPhase section */

/* Begin PBXGroup section */
		67009F852B4D362800C8FA1F = {
			isa = PBXGroup;
			children = (
				67009F902B4D362800C8FA1F /* Waterfall Finance */,
				67009F8F2B4D362800C8FA1F /* Products */,
			);
			sourceTree = "<group>";
		};
		67009F8F2B4D362800C8FA1F /* Products */ = {
			isa = PBXGroup;
			children = (
				67009F8E2B4D362800C8FA1F /* Waterfall Finance.app */,
			);
			name = Products;
			sourceTree = "<group>";
		};
		67009F902B4D362800C8FA1F /* Waterfall Finance */ = {
			isa = PBXGroup;
			children = (
				67009F912B4D362800C8FA1F /* AppDelegate.swift */,
				67009FA62B4D3D3900C8FA1F /* Login */,
				67C487142B5415CD006D7D50 /* Onboarding */,
				6722A60B2B5E15A0000E8BF6 /* AccountSummary */,
				67F12FF92B5BD2F50050FEEC /* Utils */,
				67009FA52B4D3CEC00C8FA1F /* Files */,
				674A87512B5D2E31004EB95A /* MainViewController.swift */,
			);
			path = "Waterfall Finance";
			sourceTree = "<group>";
		};
		67009FA52B4D3CEC00C8FA1F /* Files */ = {
			isa = PBXGroup;
			children = (
				67009F9A2B4D362900C8FA1F /* Assets.xcassets */,
				67009F9C2B4D362900C8FA1F /* LaunchScreen.storyboard */,
				67009F9F2B4D362900C8FA1F /* Info.plist */,
			);
			name = Files;
			sourceTree = "<group>";
		};
		67009FA62B4D3D3900C8FA1F /* Login */ = {
			isa = PBXGroup;
			children = (
				67009F952B4D362800C8FA1F /* LoginViewController.swift */,
				67009FA72B4D3D8000C8FA1F /* LoginView.swift */,
				6772058B2B5AAC25005FECF8 /* DummyViewController.swift */,
			);
			name = Login;
			sourceTree = "<group>";
		};
		6722A60B2B5E15A0000E8BF6 /* AccountSummary */ = {
			isa = PBXGroup;
			children = (
				6722A60C2B5E15D0000E8BF6 /* AccountSummaryViewController.swift */,
				67B9AB7C2B60B4B300BE269A /* AccountSummaryViewHeader.swift */,
				67B9AB7E2B60B56500BE269A /* AccountSummaryViewHeader.xib */,
			);
			path = AccountSummary;
			sourceTree = "<group>";
		};
		67C487142B5415CD006D7D50 /* Onboarding */ = {
			isa = PBXGroup;
			children = (
				67C487152B541702006D7D50 /* OnboardingContainerViewController.swift */,
				67E47D152B5465E700D5C3CC /* OnboardingViewController.swift */,
			);
			name = Onboarding;
			sourceTree = "<group>";
		};
		67F12FF92B5BD2F50050FEEC /* Utils */ = {
			isa = PBXGroup;
			children = (
				67F12FFC2B5BD3970050FEEC /* LocalState.swift */,
				674A874F2B5D2C8B004EB95A /* UIViewController+Utils.swift */,
			);
			name = Utils;
			sourceTree = "<group>";
		};
/* End PBXGroup section */

/* Begin PBXNativeTarget section */
		67009F8D2B4D362800C8FA1F /* Waterfall Finance */ = {
			isa = PBXNativeTarget;
			buildConfigurationList = 67009FA22B4D362900C8FA1F /* Build configuration list for PBXNativeTarget "Waterfall Finance" */;
			buildPhases = (
				67009F8A2B4D362800C8FA1F /* Sources */,
				67009F8B2B4D362800C8FA1F /* Frameworks */,
				67009F8C2B4D362800C8FA1F /* Resources */,
			);
			buildRules = (
			);
			dependencies = (
			);
			name = "Waterfall Finance";
			productName = "Waterfall Finance";
			productReference = 67009F8E2B4D362800C8FA1F /* Waterfall Finance.app */;
			productType = "com.apple.product-type.application";
		};
/* End PBXNativeTarget section */

/* Begin PBXProject section */
		67009F862B4D362800C8FA1F /* Project object */ = {
			isa = PBXProject;
			attributes = {
				BuildIndependentTargetsInParallel = 1;
				LastSwiftUpdateCheck = 1510;
				LastUpgradeCheck = 1510;
				TargetAttributes = {
					67009F8D2B4D362800C8FA1F = {
						CreatedOnToolsVersion = 15.1;
					};
				};
			};
			buildConfigurationList = 67009F892B4D362800C8FA1F /* Build configuration list for PBXProject "Waterfall Finance" */;
			compatibilityVersion = "Xcode 14.0";
			developmentRegion = en;
			hasScannedForEncodings = 0;
			knownRegions = (
				en,
				Base,
			);
			mainGroup = 67009F852B4D362800C8FA1F;
			productRefGroup = 67009F8F2B4D362800C8FA1F /* Products */;
			projectDirPath = "";
			projectRoot = "";
			targets = (
				67009F8D2B4D362800C8FA1F /* Waterfall Finance */,
			);
		};
/* End PBXProject section */

/* Begin PBXResourcesBuildPhase section */
		67009F8C2B4D362800C8FA1F /* Resources */ = {
			isa = PBXResourcesBuildPhase;
			buildActionMask = 2147483647;
			files = (
				67B9AB7F2B60B56500BE269A /* AccountSummaryViewHeader.xib in Resources */,
				67009F9E2B4D362900C8FA1F /* LaunchScreen.storyboard in Resources */,
				67009F9B2B4D362900C8FA1F /* Assets.xcassets in Resources */,
			);
			runOnlyForDeploymentPostprocessing = 0;
		};
/* End PBXResourcesBuildPhase section */

/* Begin PBXSourcesBuildPhase section */
		67009F8A2B4D362800C8FA1F /* Sources */ = {
			isa = PBXSourcesBuildPhase;
			buildActionMask = 2147483647;
			files = (
				674A87502B5D2C8B004EB95A /* UIViewController+Utils.swift in Sources */,
				67009FA82B4D3D8000C8FA1F /* LoginView.swift in Sources */,
				67F12FFD2B5BD3970050FEEC /* LocalState.swift in Sources */,
				6772058C2B5AAC25005FECF8 /* DummyViewController.swift in Sources */,
				67009F962B4D362800C8FA1F /* LoginViewController.swift in Sources */,
				67E47D162B5465E700D5C3CC /* OnboardingViewController.swift in Sources */,
				674A87522B5D2E31004EB95A /* MainViewController.swift in Sources */,
				6722A60D2B5E15D0000E8BF6 /* AccountSummaryViewController.swift in Sources */,
				67B9AB7D2B60B4B300BE269A /* AccountSummaryViewHeader.swift in Sources */,
				67009F922B4D362800C8FA1F /* AppDelegate.swift in Sources */,
				67C487162B541702006D7D50 /* OnboardingContainerViewController.swift in Sources */,
			);
			runOnlyForDeploymentPostprocessing = 0;
		};
/* End PBXSourcesBuildPhase section */

/* Begin PBXVariantGroup section */
		67009F9C2B4D362900C8FA1F /* LaunchScreen.storyboard */ = {
			isa = PBXVariantGroup;
			children = (
				67009F9D2B4D362900C8FA1F /* Base */,
			);
			name = LaunchScreen.storyboard;
			sourceTree = "<group>";
		};
/* End PBXVariantGroup section */

/* Begin XCBuildConfiguration section */
		67009FA02B4D362900C8FA1F /* Debug */ = {
			isa = XCBuildConfiguration;
			buildSettings = {
				ALWAYS_SEARCH_USER_PATHS = NO;
				ASSETCATALOG_COMPILER_GENERATE_SWIFT_ASSET_SYMBOL_EXTENSIONS = YES;
				CLANG_ANALYZER_NONNULL = YES;
				CLANG_ANALYZER_NUMBER_OBJECT_CONVERSION = YES_AGGRESSIVE;
				CLANG_CXX_LANGUAGE_STANDARD = "gnu++20";
				CLANG_ENABLE_MODULES = YES;
				CLANG_ENABLE_OBJC_ARC = YES;
				CLANG_ENABLE_OBJC_WEAK = YES;
				CLANG_WARN_BLOCK_CAPTURE_AUTORELEASING = YES;
				CLANG_WARN_BOOL_CONVERSION = YES;
				CLANG_WARN_COMMA = YES;
				CLANG_WARN_CONSTANT_CONVERSION = YES;
				CLANG_WARN_DEPRECATED_OBJC_IMPLEMENTATIONS = YES;
				CLANG_WARN_DIRECT_OBJC_ISA_USAGE = YES_ERROR;
				CLANG_WARN_DOCUMENTATION_COMMENTS = YES;
				CLANG_WARN_EMPTY_BODY = YES;
				CLANG_WARN_ENUM_CONVERSION = YES;
				CLANG_WARN_INFINITE_RECURSION = YES;
				CLANG_WARN_INT_CONVERSION = YES;
				CLANG_WARN_NON_LITERAL_NULL_CONVERSION = YES;
				CLANG_WARN_OBJC_IMPLICIT_RETAIN_SELF = YES;
				CLANG_WARN_OBJC_LITERAL_CONVERSION = YES;
				CLANG_WARN_OBJC_ROOT_CLASS = YES_ERROR;
				CLANG_WARN_QUOTED_INCLUDE_IN_FRAMEWORK_HEADER = YES;
				CLANG_WARN_RANGE_LOOP_ANALYSIS = YES;
				CLANG_WARN_STRICT_PROTOTYPES = YES;
				CLANG_WARN_SUSPICIOUS_MOVE = YES;
				CLANG_WARN_UNGUARDED_AVAILABILITY = YES_AGGRESSIVE;
				CLANG_WARN_UNREACHABLE_CODE = YES;
				CLANG_WARN__DUPLICATE_METHOD_MATCH = YES;
				COPY_PHASE_STRIP = NO;
				DEBUG_INFORMATION_FORMAT = dwarf;
				ENABLE_STRICT_OBJC_MSGSEND = YES;
				ENABLE_TESTABILITY = YES;
				ENABLE_USER_SCRIPT_SANDBOXING = YES;
				GCC_C_LANGUAGE_STANDARD = gnu17;
				GCC_DYNAMIC_NO_PIC = NO;
				GCC_NO_COMMON_BLOCKS = YES;
				GCC_OPTIMIZATION_LEVEL = 0;
				GCC_PREPROCESSOR_DEFINITIONS = (
					"DEBUG=1",
					"$(inherited)",
				);
				GCC_WARN_64_TO_32_BIT_CONVERSION = YES;
				GCC_WARN_ABOUT_RETURN_TYPE = YES_ERROR;
				GCC_WARN_UNDECLARED_SELECTOR = YES;
				GCC_WARN_UNINITIALIZED_AUTOS = YES_AGGRESSIVE;
				GCC_WARN_UNUSED_FUNCTION = YES;
				GCC_WARN_UNUSED_VARIABLE = YES;
				IPHONEOS_DEPLOYMENT_TARGET = 17.2;
				LOCALIZATION_PREFERS_STRING_CATALOGS = YES;
				MTL_ENABLE_DEBUG_INFO = INCLUDE_SOURCE;
				MTL_FAST_MATH = YES;
				ONLY_ACTIVE_ARCH = YES;
				SDKROOT = iphoneos;
				SWIFT_ACTIVE_COMPILATION_CONDITIONS = "DEBUG $(inherited)";
				SWIFT_OPTIMIZATION_LEVEL = "-Onone";
			};
			name = Debug;
		};
		67009FA12B4D362900C8FA1F /* Release */ = {
			isa = XCBuildConfiguration;
			buildSettings = {
				ALWAYS_SEARCH_USER_PATHS = NO;
				ASSETCATALOG_COMPILER_GENERATE_SWIFT_ASSET_SYMBOL_EXTENSIONS = YES;
				CLANG_ANALYZER_NONNULL = YES;
				CLANG_ANALYZER_NUMBER_OBJECT_CONVERSION = YES_AGGRESSIVE;
				CLANG_CXX_LANGUAGE_STANDARD = "gnu++20";
				CLANG_ENABLE_MODULES = YES;
				CLANG_ENABLE_OBJC_ARC = YES;
				CLANG_ENABLE_OBJC_WEAK = YES;
				CLANG_WARN_BLOCK_CAPTURE_AUTORELEASING = YES;
				CLANG_WARN_BOOL_CONVERSION = YES;
				CLANG_WARN_COMMA = YES;
				CLANG_WARN_CONSTANT_CONVERSION = YES;
				CLANG_WARN_DEPRECATED_OBJC_IMPLEMENTATIONS = YES;
				CLANG_WARN_DIRECT_OBJC_ISA_USAGE = YES_ERROR;
				CLANG_WARN_DOCUMENTATION_COMMENTS = YES;
				CLANG_WARN_EMPTY_BODY = YES;
				CLANG_WARN_ENUM_CONVERSION = YES;
				CLANG_WARN_INFINITE_RECURSION = YES;
				CLANG_WARN_INT_CONVERSION = YES;
				CLANG_WARN_NON_LITERAL_NULL_CONVERSION = YES;
				CLANG_WARN_OBJC_IMPLICIT_RETAIN_SELF = YES;
				CLANG_WARN_OBJC_LITERAL_CONVERSION = YES;
				CLANG_WARN_OBJC_ROOT_CLASS = YES_ERROR;
				CLANG_WARN_QUOTED_INCLUDE_IN_FRAMEWORK_HEADER = YES;
				CLANG_WARN_RANGE_LOOP_ANALYSIS = YES;
				CLANG_WARN_STRICT_PROTOTYPES = YES;
				CLANG_WARN_SUSPICIOUS_MOVE = YES;
				CLANG_WARN_UNGUARDED_AVAILABILITY = YES_AGGRESSIVE;
				CLANG_WARN_UNREACHABLE_CODE = YES;
				CLANG_WARN__DUPLICATE_METHOD_MATCH = YES;
				COPY_PHASE_STRIP = NO;
				DEBUG_INFORMATION_FORMAT = "dwarf-with-dsym";
				ENABLE_NS_ASSERTIONS = NO;
				ENABLE_STRICT_OBJC_MSGSEND = YES;
				ENABLE_USER_SCRIPT_SANDBOXING = YES;
				GCC_C_LANGUAGE_STANDARD = gnu17;
				GCC_NO_COMMON_BLOCKS = YES;
				GCC_WARN_64_TO_32_BIT_CONVERSION = YES;
				GCC_WARN_ABOUT_RETURN_TYPE = YES_ERROR;
				GCC_WARN_UNDECLARED_SELECTOR = YES;
				GCC_WARN_UNINITIALIZED_AUTOS = YES_AGGRESSIVE;
				GCC_WARN_UNUSED_FUNCTION = YES;
				GCC_WARN_UNUSED_VARIABLE = YES;
				IPHONEOS_DEPLOYMENT_TARGET = 17.2;
				LOCALIZATION_PREFERS_STRING_CATALOGS = YES;
				MTL_ENABLE_DEBUG_INFO = NO;
				MTL_FAST_MATH = YES;
				SDKROOT = iphoneos;
				SWIFT_COMPILATION_MODE = wholemodule;
				VALIDATE_PRODUCT = YES;
			};
			name = Release;
		};
		67009FA32B4D362900C8FA1F /* Debug */ = {
			isa = XCBuildConfiguration;
			buildSettings = {
				ASSETCATALOG_COMPILER_APPICON_NAME = AppIcon;
				ASSETCATALOG_COMPILER_GLOBAL_ACCENT_COLOR_NAME = AccentColor;
				CODE_SIGN_STYLE = Automatic;
				CURRENT_PROJECT_VERSION = 1;
				DEVELOPMENT_TEAM = KYS955CYLL;
				GENERATE_INFOPLIST_FILE = YES;
				INFOPLIST_FILE = "Waterfall Finance/Info.plist";
				INFOPLIST_KEY_UIApplicationSupportsIndirectInputEvents = YES;
				INFOPLIST_KEY_UILaunchStoryboardName = LaunchScreen;
				INFOPLIST_KEY_UISupportedInterfaceOrientations_iPad = "UIInterfaceOrientationPortrait UIInterfaceOrientationPortraitUpsideDown UIInterfaceOrientationLandscapeLeft UIInterfaceOrientationLandscapeRight";
				INFOPLIST_KEY_UISupportedInterfaceOrientations_iPhone = "UIInterfaceOrientationPortrait UIInterfaceOrientationLandscapeLeft UIInterfaceOrientationLandscapeRight";
				LD_RUNPATH_SEARCH_PATHS = (
					"$(inherited)",
					"@executable_path/Frameworks",
				);
				MARKETING_VERSION = 1.0;
				PRODUCT_BUNDLE_IDENTIFIER = "dev.carsonlark.Waterfall-Finance";
				PRODUCT_NAME = "$(TARGET_NAME)";
				SWIFT_EMIT_LOC_STRINGS = YES;
				SWIFT_VERSION = 5.0;
				TARGETED_DEVICE_FAMILY = "1,2";
			};
			name = Debug;
		};
		67009FA42B4D362900C8FA1F /* Release */ = {
			isa = XCBuildConfiguration;
			buildSettings = {
				ASSETCATALOG_COMPILER_APPICON_NAME = AppIcon;
				ASSETCATALOG_COMPILER_GLOBAL_ACCENT_COLOR_NAME = AccentColor;
				CODE_SIGN_STYLE = Automatic;
				CURRENT_PROJECT_VERSION = 1;
				DEVELOPMENT_TEAM = KYS955CYLL;
				GENERATE_INFOPLIST_FILE = YES;
				INFOPLIST_FILE = "Waterfall Finance/Info.plist";
				INFOPLIST_KEY_UIApplicationSupportsIndirectInputEvents = YES;
				INFOPLIST_KEY_UILaunchStoryboardName = LaunchScreen;
				INFOPLIST_KEY_UISupportedInterfaceOrientations_iPad = "UIInterfaceOrientationPortrait UIInterfaceOrientationPortraitUpsideDown UIInterfaceOrientationLandscapeLeft UIInterfaceOrientationLandscapeRight";
				INFOPLIST_KEY_UISupportedInterfaceOrientations_iPhone = "UIInterfaceOrientationPortrait UIInterfaceOrientationLandscapeLeft UIInterfaceOrientationLandscapeRight";
				LD_RUNPATH_SEARCH_PATHS = (
					"$(inherited)",
					"@executable_path/Frameworks",
				);
				MARKETING_VERSION = 1.0;
				PRODUCT_BUNDLE_IDENTIFIER = "dev.carsonlark.Waterfall-Finance";
				PRODUCT_NAME = "$(TARGET_NAME)";
				SWIFT_EMIT_LOC_STRINGS = YES;
				SWIFT_VERSION = 5.0;
				TARGETED_DEVICE_FAMILY = "1,2";
			};
			name = Release;
		};
/* End XCBuildConfiguration section */

/* Begin XCConfigurationList section */
		67009F892B4D362800C8FA1F /* Build configuration list for PBXProject "Waterfall Finance" */ = {
			isa = XCConfigurationList;
			buildConfigurations = (
				67009FA02B4D362900C8FA1F /* Debug */,
				67009FA12B4D362900C8FA1F /* Release */,
			);
			defaultConfigurationIsVisible = 0;
			defaultConfigurationName = Release;
		};
		67009FA22B4D362900C8FA1F /* Build configuration list for PBXNativeTarget "Waterfall Finance" */ = {
			isa = XCConfigurationList;
			buildConfigurations = (
				67009FA32B4D362900C8FA1F /* Debug */,
				67009FA42B4D362900C8FA1F /* Release */,
			);
			defaultConfigurationIsVisible = 0;
			defaultConfigurationName = Release;
		};
/* End XCConfigurationList section */
	};
	rootObject = 67009F862B4D362800C8FA1F /* Project object */;
}
